
Microsoft Visual Studio Solution File, Format Version 12.00
# Visual Studio Version 16
VisualStudioVersion = 16.0.30104.148
MinimumVisualStudioVersion = 10.0.40219.1
Project("{FAE04EC0-301F-11D3-BF4B-00C04F79EFBC}") = "MockChatWindows", "MockChatWindows.csproj", "{51D625BF-34EF-4D98-B8E5-037147128C5C}"
EndProject
Global
	GlobalSection(SolutionConfigurationPlatforms) = preSolution
		Debug|Any CPU = Debug|Any CPU
		Mock Chat|Any CPU = Mock Chat|Any CPU
		Release|Any CPU = Release|Any CPU
	EndGlobalSection
	GlobalSection(ProjectConfigurationPlatforms) = postSolution
		{51D625BF-34EF-4D98-B8E5-037147128C5C}.Debug|Any CPU.ActiveCfg = Debug|Any CPU
		{51D625BF-34EF-4D98-B8E5-037147128C5C}.Debug|Any CPU.Build.0 = Debug|Any CPU
		{51D625BF-34EF-4D98-B8E5-037147128C5C}.Mock Chat|Any CPU.ActiveCfg = Release|Any CPU
		{51D625BF-34EF-4D98-B8E5-037147128C5C}.Mock Chat|Any CPU.Build.0 = Release|Any CPU
		{51D625BF-34EF-4D98-B8E5-037147128C5C}.Release|Any CPU.ActiveCfg = Release|Any CPU
		{51D625BF-34EF-4D98-B8E5-037147128C5C}.Release|Any CPU.Build.0 = Release|Any CPU
	EndGlobalSection
	GlobalSection(SolutionProperties) = preSolution
		HideSolutionNode = FALSE
	EndGlobalSection
	GlobalSection(ExtensibilityGlobals) = postSolution
		SolutionGuid = {E0682E31-7842-4F75-8E49-E35A41EAB5A2}
	EndGlobalSection
EndGlobal
